
Microsoft Visual Studio Solution File, Format Version 10.00
# Visual Studio 2008
Project("{FAE04EC0-301F-11D3-BF4B-00C04F79EFBC}") = "richTextBox", "richTextBox\richTextBox.csproj", "{21F39B74-E592-4725-B7AE-2A923994B3AF}"
EndProject
Global
	GlobalSection(SolutionConfigurationPlatforms) = preSolution
		Debug|Any CPU = Debug|Any CPU
		Release|Any CPU = Release|Any CPU
	EndGlobalSection
	GlobalSection(ProjectConfigurationPlatforms) = postSolution
		{21F39B74-E592-4725-B7AE-2A923994B3AF}.Debug|Any CPU.ActiveCfg = Debug|Any CPU
		{21F39B74-E592-4725-B7AE-2A923994B3AF}.Debug|Any CPU.Build.0 = Debug|Any CPU
		{21F39B74-E592-4725-B7AE-2A923994B3AF}.Release|Any CPU.ActiveCfg = Release|Any CPU
		{21F39B74-E592-4725-B7AE-2A923994B3AF}.Release|Any CPU.Build.0 = Release|Any CPU
	EndGlobalSection
	GlobalSection(SolutionProperties) = preSolution
		HideSolutionNode = FALSE
	EndGlobalSection
EndGlobal
