
Microsoft Visual Studio Solution File, Format Version 12.00
# Visual Studio 15
VisualStudioVersion = 15.0.28307.489
MinimumVisualStudioVersion = 10.0.40219.1
Project("{FAE04EC0-301F-11D3-BF4B-00C04F79EFBC}") = "GetAllControls", "GetAllControls\GetAllControls.csproj", "{79064650-024E-44BC-8D63-BE350B9608CB}"
EndProject
Global
	GlobalSection(SolutionConfigurationPlatforms) = preSolution
		Debug|Any CPU = Debug|Any CPU
		Release|Any CPU = Release|Any CPU
	EndGlobalSection
	GlobalSection(ProjectConfigurationPlatforms) = postSolution
		{79064650-024E-44BC-8D63-BE350B9608CB}.Debug|Any CPU.ActiveCfg = Debug|Any CPU
		{79064650-024E-44BC-8D63-BE350B9608CB}.Debug|Any CPU.Build.0 = Debug|Any CPU
		{79064650-024E-44BC-8D63-BE350B9608CB}.Release|Any CPU.ActiveCfg = Release|Any CPU
		{79064650-024E-44BC-8D63-BE350B9608CB}.Release|Any CPU.Build.0 = Release|Any CPU
	EndGlobalSection
	GlobalSection(SolutionProperties) = preSolution
		HideSolutionNode = FALSE
	EndGlobalSection
	GlobalSection(ExtensibilityGlobals) = postSolution
		SolutionGuid = {2A9213E9-FDD3-470E-B607-96933C118375}
	EndGlobalSection
EndGlobal
