
Microsoft Visual Studio Solution File, Format Version 12.00
# Visual Studio 15
VisualStudioVersion = 15.0.28307.572
MinimumVisualStudioVersion = 10.0.40219.1
Project("{FAE04EC0-301F-11D3-BF4B-00C04F79EFBC}") = "RulerEdit", "RulerEdit\RulerEdit.csproj", "{F1A0F275-1CCC-4BCE-A448-DF3C5D1E45D7}"
EndProject
Global
	GlobalSection(SolutionConfigurationPlatforms) = preSolution
		Debug|Any CPU = Debug|Any CPU
		Release|Any CPU = Release|Any CPU
	EndGlobalSection
	GlobalSection(ProjectConfigurationPlatforms) = postSolution
		{F1A0F275-1CCC-4BCE-A448-DF3C5D1E45D7}.Debug|Any CPU.ActiveCfg = Debug|Any CPU
		{F1A0F275-1CCC-4BCE-A448-DF3C5D1E45D7}.Debug|Any CPU.Build.0 = Debug|Any CPU
		{F1A0F275-1CCC-4BCE-A448-DF3C5D1E45D7}.Release|Any CPU.ActiveCfg = Release|Any CPU
		{F1A0F275-1CCC-4BCE-A448-DF3C5D1E45D7}.Release|Any CPU.Build.0 = Release|Any CPU
	EndGlobalSection
	GlobalSection(SolutionProperties) = preSolution
		HideSolutionNode = FALSE
	EndGlobalSection
	GlobalSection(ExtensibilityGlobals) = postSolution
		SolutionGuid = {2DF62479-7984-4992-906D-55E68152FCBC}
	EndGlobalSection
EndGlobal
